{
  "name": "typescript",
  "version": "1.0.0",
  "lockfileVersion": 3,
  "requires": true,
  "packages": {
    "": {
      "name": "typescript",
      "version": "1.0.0",
      "license": "ISC",
      "dependencies": {
        "@openmeteo/file-reader": "^0.0.6"
      }
    },
    "node_modules/@openmeteo/file-format-wasm": {
      "version": "0.0.6",
      "resolved": "https://registry.npmjs.org/@openmeteo/file-format-wasm/-/file-format-wasm-0.0.6.tgz",
      "integrity": "sha512-JuVFjugZ6xU4c16/HBvJt/wGl/ahhq5owKlZZrYp1IcDP8Orgyr3z0/5WXnbQnOpYsCZmyYvW+lwd1zS8UyXIw==",
      "license": "GPL-2.0-only"
    },
    "node_modules/@openmeteo/file-reader": {
      "version": "0.0.6",
      "resolved": "https://registry.npmjs.org/@openmeteo/file-reader/-/file-reader-0.0.6.tgz",
      "integrity": "sha512-HnaamGAi2G7BNKBKQ2Ee5DU7TUVjOLcRrpzQU4s46603Sd5z9LT4pVXz+AteqXt0niDOZyfrLNJPZnTJgqcWdQ==",
      "license": "GPL-2.0-only",
      "dependencies": {
        "@openmeteo/file-format-wasm": "^0.0.6"
      }
    }
  }
}
