{
  "name": "typescript",
  "version": "1.0.0",
  "lockfileVersion": 3,
  "requires": true,
  "packages": {
    "": {
      "name": "typescript",
      "version": "1.0.0",
      "license": "ISC",
      "dependencies": {
        "@openmeteo/file-reader": "^0.0.11"
      }
    },
    "node_modules/@openmeteo/file-format-wasm": {
      "version": "0.0.11",
      "resolved": "https://registry.npmjs.org/@openmeteo/file-format-wasm/-/file-format-wasm-0.0.11.tgz",
      "integrity": "sha512-HeaiuGxwG4fcKVV1r0ynvh3Y4WWNNbSO/O2cvcoQpX/fGOVm60AguzTXPcsp+bjPCnJO3cv7ADAnM3XR2hQdfA==",
      "license": "GPL-2.0-only"
    },
    "node_modules/@openmeteo/file-reader": {
      "version": "0.0.11",
      "resolved": "https://registry.npmjs.org/@openmeteo/file-reader/-/file-reader-0.0.11.tgz",
      "integrity": "sha512-+Lk4N7IA6cKTQEkrnr/ACPYTghxQl+m4e/NpoSWSQn/Fjlv7cVdc3zcTQqr++WTWt71lpX8oh0HDhzOVAO1b5A==",
      "license": "GPL-2.0-only",
      "dependencies": {
        "@openmeteo/file-format-wasm": "^0.0.11"
      }
    }
  }
}
