{
  "originHash" : "5acd24f9e6553ca74264df43a0f13d2d513385872fc16b8e7c2003862e08a135",
  "pins" : [
    {
      "identity" : "om-file-format",
      "kind" : "remoteSourceControl",
      "location" : "https://github.com/open-meteo/om-file-format.git",
      "state" : {
        "revision" : "2dd19d4dfc473c35fd278cfa5f5728105a34806c"
      }
    },
    {
      "identity" : "swift-argument-parser",
      "kind" : "remoteSourceControl",
      "location" : "https://github.com/apple/swift-argument-parser.git",
      "state" : {
        "revision" : "309a47b2b1d9b5e991f36961c983ecec72275be3",
        "version" : "1.6.1"
      }
    }
  ],
  "version" : 3
}
